
Microsoft Visual Studio Solution File, Format Version 12.00
# Visual Studio Version 17
VisualStudioVersion = 17.14.36908.2 d17.14
MinimumVisualStudioVersion = 10.0.40219.1
Project("{8BC9CEB8-8B4A-11D0-8D11-00A0C91BC942}") = "tutoring", "tutoring\tutoring.vcxproj", "{7573803F-F213-404E-8D28-1A3171680B2C}"
EndProject
Global
	GlobalSection(SolutionConfigurationPlatforms) = preSolution
		Debug|x64 = Debug|x64
		Debug|x86 = Debug|x86
		Release|x64 = Release|x64
		Release|x86 = Release|x86
	EndGlobalSection
	GlobalSection(ProjectConfigurationPlatforms) = postSolution
		{7573803F-F213-404E-8D28-1A3171680B2C}.Debug|x64.ActiveCfg = Debug|x64
		{7573803F-F213-404E-8D28-1A3171680B2C}.Debug|x64.Build.0 = Debug|x64
		{7573803F-F213-404E-8D28-1A3171680B2C}.Debug|x86.ActiveCfg = Debug|Win32
		{7573803F-F213-404E-8D28-1A3171680B2C}.Debug|x86.Build.0 = Debug|Win32
		{7573803F-F213-404E-8D28-1A3171680B2C}.Release|x64.ActiveCfg = Release|x64
		{7573803F-F213-404E-8D28-1A3171680B2C}.Release|x64.Build.0 = Release|x64
		{7573803F-F213-404E-8D28-1A3171680B2C}.Release|x86.ActiveCfg = Release|Win32
		{7573803F-F213-404E-8D28-1A3171680B2C}.Release|x86.Build.0 = Release|Win32
	EndGlobalSection
	GlobalSection(SolutionProperties) = preSolution
		HideSolutionNode = FALSE
	EndGlobalSection
	GlobalSection(ExtensibilityGlobals) = postSolution
		SolutionGuid = {F795E2FE-1508-4D1A-8910-7AFF4044758D}
	EndGlobalSection
EndGlobal
